PODS:
  - FBSnapshotTestCase (2.1.4):
    - FBSnapshotTestCase/SwiftSupport (= 2.1.4)
  - FBSnapshotTestCase/Core (2.1.4)
  - FBSnapshotTestCase/SwiftSupport (2.1.4):
    - FBSnapshotTestCase/Core
  - SSFXTool (0.1.1)

DEPENDENCIES:
  - FBSnapshotTestCase
  - SSFXTool (from `../SSFXTool.podspec`)

SPEC REPOS:
  trunk:
    - FBSnapshotTestCase

EXTERNAL SOURCES:
  SSFXTool:
    :podspec: "../SSFXTool.podspec"

SPEC CHECKSUMS:
  FBSnapshotTestCase: 094f9f314decbabe373b87cc339bea235a63e07a
  SSFXTool: de59bf2f7fdee79e6a50e9d6ddd3556fc2312521

PODFILE CHECKSUM: 9ad3323937d69a71f42b0446a6376caf78ce2681

COCOAPODS: 1.9.1
