PODS:
  - FBSnapshotTestCase (2.1.4):
    - FBSnapshotTestCase/SwiftSupport (= 2.1.4)
  - FBSnapshotTestCase/Core (2.1.4)
  - FBSnapshotTestCase/SwiftSupport (2.1.4):
    - FBSnapshotTestCase/Core
  - SSFXTool (0.1.0)

DEPENDENCIES:
  - FBSnapshotTestCase
  - SSFXTool (from `../SSFXTool.podspec`)

SPEC REPOS:
  trunk:
    - FBSnapshotTestCase

EXTERNAL SOURCES:
  SSFXTool:
    :podspec: "../SSFXTool.podspec"

SPEC CHECKSUMS:
  FBSnapshotTestCase: 094f9f314decbabe373b87cc339bea235a63e07a
  SSFXTool: 7a3dd1bf4e7eaca156a96d7580e72923a73d9dcf

PODFILE CHECKSUM: 9ad3323937d69a71f42b0446a6376caf78ce2681

COCOAPODS: 1.9.1
